// !$*UTF8*$!
{
	archiveVersion = 1;
	classes = {
	};
	objectVersion = 56;
	objects = {

/* Begin PBXBuildFile section */
		0254B11F296C739300B1AE29 /* AppDelegate.m in Sources */ = {isa = PBXBuildFile; fileRef = 0254B11E296C739300B1AE29 /* AppDelegate.m */; };
		0254B122296C739300B1AE29 /* SceneDelegate.m in Sources */ = {isa = PBXBuildFile; fileRef = 0254B121296C739300B1AE29 /* SceneDelegate.m */; };
		0254B125296C739300B1AE29 /* ViewController.m in Sources */ = {isa = PBXBuildFile; fileRef = 0254B124296C739300B1AE29 /* ViewController.m */; };
		0254B128296C739300B1AE29 /* Main.storyboard in Resources */ = {isa = PBXBuildFile; fileRef = 0254B126296C739300B1AE29 /* Main.storyboard */; };
		0254B12A296C739600B1AE29 /* Assets.xcassets in Resources */ = {isa = PBXBuildFile; fileRef = 0254B129296C739600B1AE29 /* Assets.xcassets */; };
		0254B12D296C739600B1AE29 /* LaunchScreen.storyboard in Resources */ = {isa = PBXBuildFile; fileRef = 0254B12B296C739600B1AE29 /* LaunchScreen.storyboard */; };
		0254B130296C739600B1AE29 /* main.m in Sources */ = {isa = PBXBuildFile; fileRef = 0254B12F296C739600B1AE29 /* main.m */; };
		0254B13A296C739600B1AE29 /* TryOutObjectC_dameTests.m in Sources */ = {isa = PBXBuildFile; fileRef = 0254B139296C739600B1AE29 /* TryOutObjectC_dameTests.m */; };
		0254B144296C739600B1AE29 /* TryOutObjectC_dameUITests.m in Sources */ = {isa = PBXBuildFile; fileRef = 0254B143296C739600B1AE29 /* TryOutObjectC_dameUITests.m */; };
		0254B146296C739600B1AE29 /* TryOutObjectC_dameUITestsLaunchTests.m in Sources */ = {isa = PBXBuildFile; fileRef = 0254B145296C739600B1AE29 /* TryOutObjectC_dameUITestsLaunchTests.m */; };
/* End PBXBuildFile section */

/* Begin PBXContainerItemProxy section */
		0254B136296C739600B1AE29 /* PBXContainerItemProxy */ = {
			isa = PBXContainerItemProxy;
			containerPortal = 0254B112296C739300B1AE29 /* Project object */;
			proxyType = 1;
			remoteGlobalIDString = 0254B119296C739300B1AE29;
			remoteInfo = TryOutObjectC_dame;
		};
		0254B140296C739600B1AE29 /* PBXContainerItemProxy */ = {
			isa = PBXContainerItemProxy;
			containerPortal = 0254B112296C739300B1AE29 /* Project object */;
			proxyType = 1;
			remoteGlobalIDString = 0254B119296C739300B1AE29;
			remoteInfo = TryOutObjectC_dame;
		};
/* End PBXContainerItemProxy section */

/* Begin PBXFileReference section */
		0254B11A296C739300B1AE29 /* TryOutObjectC_dame.app */ = {isa = PBXFileReference; explicitFileType = wrapper.application; includeInIndex = 0; path = TryOutObjectC_dame.app; sourceTree = BUILT_PRODUCTS_DIR; };
		0254B11D296C739300B1AE29 /* AppDelegate.h */ = {isa = PBXFileReference; lastKnownFileType = sourcecode.c.h; path = AppDelegate.h; sourceTree = "<group>"; };
		0254B11E296C739300B1AE29 /* AppDelegate.m */ = {isa = PBXFileReference; lastKnownFileType = sourcecode.c.objc; path = AppDelegate.m; sourceTree = "<group>"; };
		0254B120296C739300B1AE29 /* SceneDelegate.h */ = {isa = PBXFileReference; lastKnownFileType = sourcecode.c.h; path = SceneDelegate.h; sourceTree = "<group>"; };
		0254B121296C739300B1AE29 /* SceneDelegate.m */ = {isa = PBXFileReference; lastKnownFileType = sourcecode.c.objc; path = SceneDelegate.m; sourceTree = "<group>"; };
		0254B123296C739300B1AE29 /* ViewController.h */ = {isa = PBXFileReference; lastKnownFileType = sourcecode.c.h; path = ViewController.h; sourceTree = "<group>"; };
		0254B124296C739300B1AE29 /* ViewController.m */ = {isa = PBXFileReference; lastKnownFileType = sourcecode.c.objc; path = ViewController.m; sourceTree = "<group>"; };
		0254B127296C739300B1AE29 /* Base */ = {isa = PBXFileReference; lastKnownFileType = file.storyboard; name = Base; path = Base.lproj/Main.storyboard; sourceTree = "<group>"; };
		0254B129296C739600B1AE29 /* Assets.xcassets */ = {isa = PBXFileReference; lastKnownFileType = folder.assetcatalog; path = Assets.xcassets; sourceTree = "<group>"; };
		0254B12C296C739600B1AE29 /* Base */ = {isa = PBXFileReference; lastKnownFileType = file.storyboard; name = Base; path = Base.lproj/LaunchScreen.storyboard; sourceTree = "<group>"; };
		0254B12E296C739600B1AE29 /* Info.plist */ = {isa = PBXFileReference; lastKnownFileType = text.plist.xml; path = Info.plist; sourceTree = "<group>"; };
		0254B12F296C739600B1AE29 /* main.m */ = {isa = PBXFileReference; lastKnownFileType = sourcecode.c.objc; path = main.m; sourceTree = "<group>"; };
		0254B135296C739600B1AE29 /* TryOutObjectC_dameTests.xctest */ = {isa = PBXFileReference; explicitFileType = wrapper.cfbundle; includeInIndex = 0; path = TryOutObjectC_dameTests.xctest; sourceTree = BUILT_PRODUCTS_DIR; };
		0254B139296C739600B1AE29 /* TryOutObjectC_dameTests.m */ = {isa = PBXFileReference; lastKnownFileType = sourcecode.c.objc; path = TryOutObjectC_dameTests.m; sourceTree = "<group>"; };
		0254B13F296C739600B1AE29 /* TryOutObjectC_dameUITests.xctest */ = {isa = PBXFileReference; explicitFileType = wrapper.cfbundle; includeInIndex = 0; path = TryOutObjectC_dameUITests.xctest; sourceTree = BUILT_PRODUCTS_DIR; };
		0254B143296C739600B1AE29 /* TryOutObjectC_dameUITests.m */ = {isa = PBXFileReference; lastKnownFileType = sourcecode.c.objc; path = TryOutObjectC_dameUITests.m; sourceTree = "<group>"; };
		0254B145296C739600B1AE29 /* TryOutObjectC_dameUITestsLaunchTests.m */ = {isa = PBXFileReference; lastKnownFileType = sourcecode.c.objc; path = TryOutObjectC_dameUITestsLaunchTests.m; sourceTree = "<group>"; };
/* End PBXFileReference section */

/* Begin PBXFrameworksBuildPhase section */
		0254B117296C739300B1AE29 /* Frameworks */ = {
			isa = PBXFrameworksBuildPhase;
			buildActionMask = 2147483647;
			files = (
			);
			runOnlyForDeploymentPostprocessing = 0;
		};
		0254B132296C739600B1AE29 /* Frameworks */ = {
			isa = PBXFrameworksBuildPhase;
			buildActionMask = 2147483647;
			files = (
			);
			runOnlyForDeploymentPostprocessing = 0;
		};
		0254B13C296C739600B1AE29 /* Frameworks */ = {
			isa = PBXFrameworksBuildPhase;
			buildActionMask = 2147483647;
			files = (
			);
			runOnlyForDeploymentPostprocessing = 0;
		};
/* End PBXFrameworksBuildPhase section */

/* Begin PBXGroup section */
		0254B111296C739300B1AE29 = {
			isa = PBXGroup;
			children = (
				0254B11C296C739300B1AE29 /* TryOutObjectC_dame */,
				0254B138296C739600B1AE29 /* TryOutObjectC_dameTests */,
				0254B142296C739600B1AE29 /* TryOutObjectC_dameUITests */,
				0254B11B296C739300B1AE29 /* Products */,
			);
			sourceTree = "<group>";
		};
		0254B11B296C739300B1AE29 /* Products */ = {
			isa = PBXGroup;
			children = (
				0254B11A296C739300B1AE29 /* TryOutObjectC_dame.app */,
				0254B135296C739600B1AE29 /* TryOutObjectC_dameTests.xctest */,
				0254B13F296C739600B1AE29 /* TryOutObjectC_dameUITests.xctest */,
			);
			name = Products;
			sourceTree = "<group>";
		};
		0254B11C296C739300B1AE29 /* TryOutObjectC_dame */ = {
			isa = PBXGroup;
			children = (
				0254B11D296C739300B1AE29 /* AppDelegate.h */,
				0254B11E296C739300B1AE29 /* AppDelegate.m */,
				0254B120296C739300B1AE29 /* SceneDelegate.h */,
				0254B121296C739300B1AE29 /* SceneDelegate.m */,
				0254B123296C739300B1AE29 /* ViewController.h */,
				0254B124296C739300B1AE29 /* ViewController.m */,
				0254B126296C739300B1AE29 /* Main.storyboard */,
				0254B129296C739600B1AE29 /* Assets.xcassets */,
				0254B12B296C739600B1AE29 /* LaunchScreen.storyboard */,
				0254B12E296C739600B1AE29 /* Info.plist */,
				0254B12F296C739600B1AE29 /* main.m */,
			);
			path = TryOutObjectC_dame;
			sourceTree = "<group>";
		};
		0254B138296C739600B1AE29 /* TryOutObjectC_dameTests */ = {
			isa = PBXGroup;
			children = (
				0254B139296C739600B1AE29 /* TryOutObjectC_dameTests.m */,
			);
			path = TryOutObjectC_dameTests;
			sourceTree = "<group>";
		};
		0254B142296C739600B1AE29 /* TryOutObjectC_dameUITests */ = {
			isa = PBXGroup;
			children = (
				0254B143296C739600B1AE29 /* TryOutObjectC_dameUITests.m */,
				0254B145296C739600B1AE29 /* TryOutObjectC_dameUITestsLaunchTests.m */,
			);
			path = TryOutObjectC_dameUITests;
			sourceTree = "<group>";
		};
/* End PBXGroup section */

/* Begin PBXNativeTarget section */
		0254B119296C739300B1AE29 /* TryOutObjectC_dame */ = {
			isa = PBXNativeTarget;
			buildConfigurationList = 0254B149296C739600B1AE29 /* Build configuration list for PBXNativeTarget "TryOutObjectC_dame" */;
			buildPhases = (
				0254B116296C739300B1AE29 /* Sources */,
				0254B117296C739300B1AE29 /* Frameworks */,
				0254B118296C739300B1AE29 /* Resources */,
			);
			buildRules = (
			);
			dependencies = (
			);
			name = TryOutObjectC_dame;
			productName = TryOutObjectC_dame;
			productReference = 0254B11A296C739300B1AE29 /* TryOutObjectC_dame.app */;
			productType = "com.apple.product-type.application";
		};
		0254B134296C739600B1AE29 /* TryOutObjectC_dameTests */ = {
			isa = PBXNativeTarget;
			buildConfigurationList = 0254B14C296C739600B1AE29 /* Build configuration list for PBXNativeTarget "TryOutObjectC_dameTests" */;
			buildPhases = (
				0254B131296C739600B1AE29 /* Sources */,
				0254B132296C739600B1AE29 /* Frameworks */,
				0254B133296C739600B1AE29 /* Resources */,
			);
			buildRules = (
			);
			dependencies = (
				0254B137296C739600B1AE29 /* PBXTargetDependency */,
			);
			name = TryOutObjectC_dameTests;
			productName = TryOutObjectC_dameTests;
			productReference = 0254B135296C739600B1AE29 /* TryOutObjectC_dameTests.xctest */;
			productType = "com.apple.product-type.bundle.unit-test";
		};
		0254B13E296C739600B1AE29 /* TryOutObjectC_dameUITests */ = {
			isa = PBXNativeTarget;
			buildConfigurationList = 0254B14F296C739600B1AE29 /* Build configuration list for PBXNativeTarget "TryOutObjectC_dameUITests" */;
			buildPhases = (
				0254B13B296C739600B1AE29 /* Sources */,
				0254B13C296C739600B1AE29 /* Frameworks */,
				0254B13D296C739600B1AE29 /* Resources */,
			);
			buildRules = (
			);
			dependencies = (
				0254B141296C739600B1AE29 /* PBXTargetDependency */,
			);
			name = TryOutObjectC_dameUITests;
			productName = TryOutObjectC_dameUITests;
			productReference = 0254B13F296C739600B1AE29 /* TryOutObjectC_dameUITests.xctest */;
			productType = "com.apple.product-type.bundle.ui-testing";
		};
/* End PBXNativeTarget section */

/* Begin PBXProject section */
		0254B112296C739300B1AE29 /* Project object */ = {
			isa = PBXProject;
			attributes = {
				BuildIndependentTargetsInParallel = 1;
				LastUpgradeCheck = 1420;
				TargetAttributes = {
					0254B119296C739300B1AE29 = {
						CreatedOnToolsVersion = 14.2;
					};
					0254B134296C739600B1AE29 = {
						CreatedOnToolsVersion = 14.2;
						TestTargetID = 0254B119296C739300B1AE29;
					};
					0254B13E296C739600B1AE29 = {
						CreatedOnToolsVersion = 14.2;
						TestTargetID = 0254B119296C739300B1AE29;
					};
				};
			};
			buildConfigurationList = 0254B115296C739300B1AE29 /* Build configuration list for PBXProject "TryOutObjectC_dame" */;
			compatibilityVersion = "Xcode 14.0";
			developmentRegion = en;
			hasScannedForEncodings = 0;
			knownRegions = (
				en,
				Base,
			);
			mainGroup = 0254B111296C739300B1AE29;
			productRefGroup = 0254B11B296C739300B1AE29 /* Products */;
			projectDirPath = "";
			projectRoot = "";
			targets = (
				0254B119296C739300B1AE29 /* TryOutObjectC_dame */,
				0254B134296C739600B1AE29 /* TryOutObjectC_dameTests */,
				0254B13E296C739600B1AE29 /* TryOutObjectC_dameUITests */,
			);
		};
/* End PBXProject section */

/* Begin PBXResourcesBuildPhase section */
		0254B118296C739300B1AE29 /* Resources */ = {
			isa = PBXResourcesBuildPhase;
			buildActionMask = 2147483647;
			files = (
				0254B12D296C739600B1AE29 /* LaunchScreen.storyboard in Resources */,
				0254B12A296C739600B1AE29 /* Assets.xcassets in Resources */,
				0254B128296C739300B1AE29 /* Main.storyboard in Resources */,
			);
			runOnlyForDeploymentPostprocessing = 0;
		};
		0254B133296C739600B1AE29 /* Resources */ = {
			isa = PBXResourcesBuildPhase;
			buildActionMask = 2147483647;
			files = (
			);
			runOnlyForDeploymentPostprocessing = 0;
		};
		0254B13D296C739600B1AE29 /* Resources */ = {
			isa = PBXResourcesBuildPhase;
			buildActionMask = 2147483647;
			files = (
			);
			runOnlyForDeploymentPostprocessing = 0;
		};
/* End PBXResourcesBuildPhase section */

/* Begin PBXSourcesBuildPhase section */
		0254B116296C739300B1AE29 /* Sources */ = {
			isa = PBXSourcesBuildPhase;
			buildActionMask = 2147483647;
			files = (
				0254B125296C739300B1AE29 /* ViewController.m in Sources */,
				0254B11F296C739300B1AE29 /* AppDelegate.m in Sources */,
				0254B130296C739600B1AE29 /* main.m in Sources */,
				0254B122296C739300B1AE29 /* SceneDelegate.m in Sources */,
			);
			runOnlyForDeploymentPostprocessing = 0;
		};
		0254B131296C739600B1AE29 /* Sources */ = {
			isa = PBXSourcesBuildPhase;
			buildActionMask = 2147483647;
			files = (
				0254B13A296C739600B1AE29 /* TryOutObjectC_dameTests.m in Sources */,
			);
			runOnlyForDeploymentPostprocessing = 0;
		};
		0254B13B296C739600B1AE29 /* Sources */ = {
			isa = PBXSourcesBuildPhase;
			buildActionMask = 2147483647;
			files = (
				0254B144296C739600B1AE29 /* TryOutObjectC_dameUITests.m in Sources */,
				0254B146296C739600B1AE29 /* TryOutObjectC_dameUITestsLaunchTests.m in Sources */,
			);
			runOnlyForDeploymentPostprocessing = 0;
		};
/* End PBXSourcesBuildPhase section */

/* Begin PBXTargetDependency section */
		0254B137296C739600B1AE29 /* PBXTargetDependency */ = {
			isa = PBXTargetDependency;
			target = 0254B119296C739300B1AE29 /* TryOutObjectC_dame */;
			targetProxy = 0254B136296C739600B1AE29 /* PBXContainerItemProxy */;
		};
		0254B141296C739600B1AE29 /* PBXTargetDependency */ = {
			isa = PBXTargetDependency;
			target = 0254B119296C739300B1AE29 /* TryOutObjectC_dame */;
			targetProxy = 0254B140296C739600B1AE29 /* PBXContainerItemProxy */;
		};
/* End PBXTargetDependency section */

/* Begin PBXVariantGroup section */
		0254B126296C739300B1AE29 /* Main.storyboard */ = {
			isa = PBXVariantGroup;
			children = (
				0254B127296C739300B1AE29 /* Base */,
			);
			name = Main.storyboard;
			sourceTree = "<group>";
		};
		0254B12B296C739600B1AE29 /* LaunchScreen.storyboard */ = {
			isa = PBXVariantGroup;
			children = (
				0254B12C296C739600B1AE29 /* Base */,
			);
			name = LaunchScreen.storyboard;
			sourceTree = "<group>";
		};
/* End PBXVariantGroup section */

/* Begin XCBuildConfiguration section */
		0254B147296C739600B1AE29 /* Debug */ = {
			isa = XCBuildConfiguration;
			buildSettings = {
				ALWAYS_SEARCH_USER_PATHS = NO;
				CLANG_ANALYZER_NONNULL = YES;
				CLANG_ANALYZER_NUMBER_OBJECT_CONVERSION = YES_AGGRESSIVE;
				CLANG_CXX_LANGUAGE_STANDARD = "gnu++20";
				CLANG_ENABLE_MODULES = YES;
				CLANG_ENABLE_OBJC_ARC = YES;
				CLANG_ENABLE_OBJC_WEAK = YES;
				CLANG_WARN_BLOCK_CAPTURE_AUTORELEASING = YES;
				CLANG_WARN_BOOL_CONVERSION = YES;
				CLANG_WARN_COMMA = YES;
				CLANG_WARN_CONSTANT_CONVERSION = YES;
				CLANG_WARN_DEPRECATED_OBJC_IMPLEMENTATIONS = YES;
				CLANG_WARN_DIRECT_OBJC_ISA_USAGE = YES_ERROR;
				CLANG_WARN_DOCUMENTATION_COMMENTS = YES;
				CLANG_WARN_EMPTY_BODY = YES;
				CLANG_WARN_ENUM_CONVERSION = YES;
				CLANG_WARN_INFINITE_RECURSION = YES;
				CLANG_WARN_INT_CONVERSION = YES;
				CLANG_WARN_NON_LITERAL_NULL_CONVERSION = YES;
				CLANG_WARN_OBJC_IMPLICIT_RETAIN_SELF = YES;
				CLANG_WARN_OBJC_LITERAL_CONVERSION = YES;
				CLANG_WARN_OBJC_ROOT_CLASS = YES_ERROR;
				CLANG_WARN_QUOTED_INCLUDE_IN_FRAMEWORK_HEADER = YES;
				CLANG_WARN_RANGE_LOOP_ANALYSIS = YES;
				CLANG_WARN_STRICT_PROTOTYPES = YES;
				CLANG_WARN_SUSPICIOUS_MOVE = YES;
				CLANG_WARN_UNGUARDED_AVAILABILITY = YES_AGGRESSIVE;
				CLANG_WARN_UNREACHABLE_CODE = YES;
				CLANG_WARN__DUPLICATE_METHOD_MATCH = YES;
				COPY_PHASE_STRIP = NO;
				DEBUG_INFORMATION_FORMAT = dwarf;
				ENABLE_STRICT_OBJC_MSGSEND = YES;
				ENABLE_TESTABILITY = YES;
				GCC_C_LANGUAGE_STANDARD = gnu11;
				GCC_DYNAMIC_NO_PIC = NO;
				GCC_NO_COMMON_BLOCKS = YES;
				GCC_OPTIMIZATION_LEVEL = 0;
				GCC_PREPROCESSOR_DEFINITIONS = (
					"DEBUG=1",
					"$(inherited)",
				);
				GCC_WARN_64_TO_32_BIT_CONVERSION = YES;
				GCC_WARN_ABOUT_RETURN_TYPE = YES_ERROR;
				GCC_WARN_UNDECLARED_SELECTOR = YES;
				GCC_WARN_UNINITIALIZED_AUTOS = YES_AGGRESSIVE;
				GCC_WARN_UNUSED_FUNCTION = YES;
				GCC_WARN_UNUSED_VARIABLE = YES;
				IPHONEOS_DEPLOYMENT_TARGET = 16.2;
				MTL_ENABLE_DEBUG_INFO = INCLUDE_SOURCE;
				MTL_FAST_MATH = YES;
				ONLY_ACTIVE_ARCH = YES;
				SDKROOT = iphoneos;
			};
			name = Debug;
		};
		0254B148296C739600B1AE29 /* Release */ = {
			isa = XCBuildConfiguration;
			buildSettings = {
				ALWAYS_SEARCH_USER_PATHS = NO;
				CLANG_ANALYZER_NONNULL = YES;
				CLANG_ANALYZER_NUMBER_OBJECT_CONVERSION = YES_AGGRESSIVE;
				CLANG_CXX_LANGUAGE_STANDARD = "gnu++20";
				CLANG_ENABLE_MODULES = YES;
				CLANG_ENABLE_OBJC_ARC = YES;
				CLANG_ENABLE_OBJC_WEAK = YES;
				CLANG_WARN_BLOCK_CAPTURE_AUTORELEASING = YES;
				CLANG_WARN_BOOL_CONVERSION = YES;
				CLANG_WARN_COMMA = YES;
				CLANG_WARN_CONSTANT_CONVERSION = YES;
				CLANG_WARN_DEPRECATED_OBJC_IMPLEMENTATIONS = YES;
				CLANG_WARN_DIRECT_OBJC_ISA_USAGE = YES_ERROR;
				CLANG_WARN_DOCUMENTATION_COMMENTS = YES;
				CLANG_WARN_EMPTY_BODY = YES;
				CLANG_WARN_ENUM_CONVERSION = YES;
				CLANG_WARN_INFINITE_RECURSION = YES;
				CLANG_WARN_INT_CONVERSION = YES;
				CLANG_WARN_NON_LITERAL_NULL_CONVERSION = YES;
				CLANG_WARN_OBJC_IMPLICIT_RETAIN_SELF = YES;
				CLANG_WARN_OBJC_LITERAL_CONVERSION = YES;
				CLANG_WARN_OBJC_ROOT_CLASS = YES_ERROR;
				CLANG_WARN_QUOTED_INCLUDE_IN_FRAMEWORK_HEADER = YES;
				CLANG_WARN_RANGE_LOOP_ANALYSIS = YES;
				CLANG_WARN_STRICT_PROTOTYPES = YES;
				CLANG_WARN_SUSPICIOUS_MOVE = YES;
				CLANG_WARN_UNGUARDED_AVAILABILITY = YES_AGGRESSIVE;
				CLANG_WARN_UNREACHABLE_CODE = YES;
				CLANG_WARN__DUPLICATE_METHOD_MATCH = YES;
				COPY_PHASE_STRIP = NO;
				DEBUG_INFORMATION_FORMAT = "dwarf-with-dsym";
				ENABLE_NS_ASSERTIONS = NO;
				ENABLE_STRICT_OBJC_MSGSEND = YES;
				GCC_C_LANGUAGE_STANDARD = gnu11;
				GCC_NO_COMMON_BLOCKS = YES;
				GCC_WARN_64_TO_32_BIT_CONVERSION = YES;
				GCC_WARN_ABOUT_RETURN_TYPE = YES_ERROR;
				GCC_WARN_UNDECLARED_SELECTOR = YES;
				GCC_WARN_UNINITIALIZED_AUTOS = YES_AGGRESSIVE;
				GCC_WARN_UNUSED_FUNCTION = YES;
				GCC_WARN_UNUSED_VARIABLE = YES;
				IPHONEOS_DEPLOYMENT_TARGET = 16.2;
				MTL_ENABLE_DEBUG_INFO = NO;
				MTL_FAST_MATH = YES;
				SDKROOT = iphoneos;
				VALIDATE_PRODUCT = YES;
			};
			name = Release;
		};
		0254B14A296C739600B1AE29 /* Debug */ = {
			isa = XCBuildConfiguration;
			buildSettings = {
				ASSETCATALOG_COMPILER_APPICON_NAME = AppIcon;
				ASSETCATALOG_COMPILER_GLOBAL_ACCENT_COLOR_NAME = AccentColor;
				CODE_SIGN_STYLE = Automatic;
				CURRENT_PROJECT_VERSION = 1;
				GENERATE_INFOPLIST_FILE = YES;
				INFOPLIST_FILE = TryOutObjectC_dame/Info.plist;
				INFOPLIST_KEY_UIApplicationSupportsIndirectInputEvents = YES;
				INFOPLIST_KEY_UILaunchStoryboardName = LaunchScreen;
				INFOPLIST_KEY_UIMainStoryboardFile = Main;
				INFOPLIST_KEY_UISupportedInterfaceOrientations_iPad = "UIInterfaceOrientationPortrait UIInterfaceOrientationPortraitUpsideDown UIInterfaceOrientationLandscapeLeft UIInterfaceOrientationLandscapeRight";
				INFOPLIST_KEY_UISupportedInterfaceOrientations_iPhone = "UIInterfaceOrientationPortrait UIInterfaceOrientationLandscapeLeft UIInterfaceOrientationLandscapeRight";
				LD_RUNPATH_SEARCH_PATHS = (
					"$(inherited)",
					"@executable_path/Frameworks",
				);
				MARKETING_VERSION = 1.0;
				PRODUCT_BUNDLE_IDENTIFIER = "com.enhanceit.TryOutObjectC-dame";
				PRODUCT_NAME = "$(TARGET_NAME)";
				SWIFT_EMIT_LOC_STRINGS = YES;
				TARGETED_DEVICE_FAMILY = "1,2";
			};
			name = Debug;
		};
		0254B14B296C739600B1AE29 /* Release */ = {
			isa = XCBuildConfiguration;
			buildSettings = {
				ASSETCATALOG_COMPILER_APPICON_NAME = AppIcon;
				ASSETCATALOG_COMPILER_GLOBAL_ACCENT_COLOR_NAME = AccentColor;
				CODE_SIGN_STYLE = Automatic;
				CURRENT_PROJECT_VERSION = 1;
				GENERATE_INFOPLIST_FILE = YES;
				INFOPLIST_FILE = TryOutObjectC_dame/Info.plist;
				INFOPLIST_KEY_UIApplicationSupportsIndirectInputEvents = YES;
				INFOPLIST_KEY_UILaunchStoryboardName = LaunchScreen;
				INFOPLIST_KEY_UIMainStoryboardFile = Main;
				INFOPLIST_KEY_UISupportedInterfaceOrientations_iPad = "UIInterfaceOrientationPortrait UIInterfaceOrientationPortraitUpsideDown UIInterfaceOrientationLandscapeLeft UIInterfaceOrientationLandscapeRight";
				INFOPLIST_KEY_UISupportedInterfaceOrientations_iPhone = "UIInterfaceOrientationPortrait UIInterfaceOrientationLandscapeLeft UIInterfaceOrientationLandscapeRight";
				LD_RUNPATH_SEARCH_PATHS = (
					"$(inherited)",
					"@executable_path/Frameworks",
				);
				MARKETING_VERSION = 1.0;
				PRODUCT_BUNDLE_IDENTIFIER = "com.enhanceit.TryOutObjectC-dame";
				PRODUCT_NAME = "$(TARGET_NAME)";
				SWIFT_EMIT_LOC_STRINGS = YES;
				TARGETED_DEVICE_FAMILY = "1,2";
			};
			name = Release;
		};
		0254B14D296C739600B1AE29 /* Debug */ = {
			isa = XCBuildConfiguration;
			buildSettings = {
				BUNDLE_LOADER = "$(TEST_HOST)";
				CODE_SIGN_STYLE = Automatic;
				CURRENT_PROJECT_VERSION = 1;
				GENERATE_INFOPLIST_FILE = YES;
				IPHONEOS_DEPLOYMENT_TARGET = 16.2;
				MARKETING_VERSION = 1.0;
				PRODUCT_BUNDLE_IDENTIFIER = "com.enhanceit.TryOutObjectC-dameTests";
				PRODUCT_NAME = "$(TARGET_NAME)";
				SWIFT_EMIT_LOC_STRINGS = NO;
				TARGETED_DEVICE_FAMILY = "1,2";
				TEST_HOST = "$(BUILT_PRODUCTS_DIR)/TryOutObjectC_dame.app/$(BUNDLE_EXECUTABLE_FOLDER_PATH)/TryOutObjectC_dame";
			};
			name = Debug;
		};
		0254B14E296C739600B1AE29 /* Release */ = {
			isa = XCBuildConfiguration;
			buildSettings = {
				BUNDLE_LOADER = "$(TEST_HOST)";
				CODE_SIGN_STYLE = Automatic;
				CURRENT_PROJECT_VERSION = 1;
				GENERATE_INFOPLIST_FILE = YES;
				IPHONEOS_DEPLOYMENT_TARGET = 16.2;
				MARKETING_VERSION = 1.0;
				PRODUCT_BUNDLE_IDENTIFIER = "com.enhanceit.TryOutObjectC-dameTests";
				PRODUCT_NAME = "$(TARGET_NAME)";
				SWIFT_EMIT_LOC_STRINGS = NO;
				TARGETED_DEVICE_FAMILY = "1,2";
				TEST_HOST = "$(BUILT_PRODUCTS_DIR)/TryOutObjectC_dame.app/$(BUNDLE_EXECUTABLE_FOLDER_PATH)/TryOutObjectC_dame";
			};
			name = Release;
		};
		0254B150296C739600B1AE29 /* Debug */ = {
			isa = XCBuildConfiguration;
			buildSettings = {
				CODE_SIGN_STYLE = Automatic;
				CURRENT_PROJECT_VERSION = 1;
				GENERATE_INFOPLIST_FILE = YES;
				MARKETING_VERSION = 1.0;
				PRODUCT_BUNDLE_IDENTIFIER = "com.enhanceit.TryOutObjectC-dameUITests";
				PRODUCT_NAME = "$(TARGET_NAME)";
				SWIFT_EMIT_LOC_STRINGS = NO;
				TARGETED_DEVICE_FAMILY = "1,2";
				TEST_TARGET_NAME = TryOutObjectC_dame;
			};
			name = Debug;
		};
		0254B151296C739600B1AE29 /* Release */ = {
			isa = XCBuildConfiguration;
			buildSettings = {
				CODE_SIGN_STYLE = Automatic;
				CURRENT_PROJECT_VERSION = 1;
				GENERATE_INFOPLIST_FILE = YES;
				MARKETING_VERSION = 1.0;
				PRODUCT_BUNDLE_IDENTIFIER = "com.enhanceit.TryOutObjectC-dameUITests";
				PRODUCT_NAME = "$(TARGET_NAME)";
				SWIFT_EMIT_LOC_STRINGS = NO;
				TARGETED_DEVICE_FAMILY = "1,2";
				TEST_TARGET_NAME = TryOutObjectC_dame;
			};
			name = Release;
		};
/* End XCBuildConfiguration section */

/* Begin XCConfigurationList section */
		0254B115296C739300B1AE29 /* Build configuration list for PBXProject "TryOutObjectC_dame" */ = {
			isa = XCConfigurationList;
			buildConfigurations = (
				0254B147296C739600B1AE29 /* Debug */,
				0254B148296C739600B1AE29 /* Release */,
			);
			defaultConfigurationIsVisible = 0;
			defaultConfigurationName = Release;
		};
		0254B149296C739600B1AE29 /* Build configuration list for PBXNativeTarget "TryOutObjectC_dame" */ = {
			isa = XCConfigurationList;
			buildConfigurations = (
				0254B14A296C739600B1AE29 /* Debug */,
				0254B14B296C739600B1AE29 /* Release */,
			);
			defaultConfigurationIsVisible = 0;
			defaultConfigurationName = Release;
		};
		0254B14C296C739600B1AE29 /* Build configuration list for PBXNativeTarget "TryOutObjectC_dameTests" */ = {
			isa = XCConfigurationList;
			buildConfigurations = (
				0254B14D296C739600B1AE29 /* Debug */,
				0254B14E296C739600B1AE29 /* Release */,
			);
			defaultConfigurationIsVisible = 0;
			defaultConfigurationName = Release;
		};
		0254B14F296C739600B1AE29 /* Build configuration list for PBXNativeTarget "TryOutObjectC_dameUITests" */ = {
			isa = XCConfigurationList;
			buildConfigurations = (
				0254B150296C739600B1AE29 /* Debug */,
				0254B151296C739600B1AE29 /* Release */,
			);
			defaultConfigurationIsVisible = 0;
			defaultConfigurationName = Release;
		};
/* End XCConfigurationList section */
	};
	rootObject = 0254B112296C739300B1AE29 /* Project object */;
}
